// !$*UTF8*$!
{
	archiveVersion = 1;
	classes = {
	};
	objectVersion = 46;
	objects = {

/* Begin PBXBuildFile section */
		D074A12D1B0D468C00B8A80D /* AppDelegate.swift in Sources */ = {isa = PBXBuildFile; fileRef = D074A12C1B0D468C00B8A80D /* AppDelegate.swift */; };
		D074A12F1B0D468C00B8A80D /* ViewController.swift in Sources */ = {isa = PBXBuildFile; fileRef = D074A12E1B0D468C00B8A80D /* ViewController.swift */; };
		D074A1321B0D468C00B8A80D /* Main.storyboard in Resources */ = {isa = PBXBuildFile; fileRef = D074A1301B0D468C00B8A80D /* Main.storyboard */; };
		D074A1341B0D468C00B8A80D /* Images.xcassets in Resources */ = {isa = PBXBuildFile; fileRef = D074A1331B0D468C00B8A80D /* Images.xcassets */; };
		D074A1371B0D468C00B8A80D /* LaunchScreen.xib in Resources */ = {isa = PBXBuildFile; fileRef = D074A1351B0D468C00B8A80D /* LaunchScreen.xib */; };
		D074A1431B0D468C00B8A80D /* AudioTests.swift in Sources */ = {isa = PBXBuildFile; fileRef = D074A1421B0D468C00B8A80D /* AudioTests.swift */; };
		D074A14D1B0D470800B8A80D /* beethoven1.mp3 in Resources */ = {isa = PBXBuildFile; fileRef = D074A14C1B0D470800B8A80D /* beethoven1.mp3 */; };
		D074A14F1B0D4B0B00B8A80D /* beethoven.jpg in Resources */ = {isa = PBXBuildFile; fileRef = D074A14E1B0D4B0B00B8A80D /* beethoven.jpg */; };
/* End PBXBuildFile section */

/* Begin PBXContainerItemProxy section */
		D074A13D1B0D468C00B8A80D /* PBXContainerItemProxy */ = {
			isa = PBXContainerItemProxy;
			containerPortal = D074A11F1B0D468C00B8A80D /* Project object */;
			proxyType = 1;
			remoteGlobalIDString = D074A1261B0D468C00B8A80D;
			remoteInfo = Audio;
		};
/* End PBXContainerItemProxy section */

/* Begin PBXFileReference section */
		D074A1271B0D468C00B8A80D /* Audio.app */ = {isa = PBXFileReference; explicitFileType = wrapper.application; includeInIndex = 0; path = Audio.app; sourceTree = BUILT_PRODUCTS_DIR; };
		D074A12B1B0D468C00B8A80D /* Info.plist */ = {isa = PBXFileReference; lastKnownFileType = text.plist.xml; path = Info.plist; sourceTree = "<group>"; };
		D074A12C1B0D468C00B8A80D /* AppDelegate.swift */ = {isa = PBXFileReference; lastKnownFileType = sourcecode.swift; path = AppDelegate.swift; sourceTree = "<group>"; };
		D074A12E1B0D468C00B8A80D /* ViewController.swift */ = {isa = PBXFileReference; lastKnownFileType = sourcecode.swift; path = ViewController.swift; sourceTree = "<group>"; };
		D074A1311B0D468C00B8A80D /* Base */ = {isa = PBXFileReference; lastKnownFileType = file.storyboard; name = Base; path = Base.lproj/Main.storyboard; sourceTree = "<group>"; };
		D074A1331B0D468C00B8A80D /* Images.xcassets */ = {isa = PBXFileReference; lastKnownFileType = folder.assetcatalog; path = Images.xcassets; sourceTree = "<group>"; };
		D074A1361B0D468C00B8A80D /* Base */ = {isa = PBXFileReference; lastKnownFileType = file.xib; name = Base; path = Base.lproj/LaunchScreen.xib; sourceTree = "<group>"; };
		D074A13C1B0D468C00B8A80D /* AudioTests.xctest */ = {isa = PBXFileReference; explicitFileType = wrapper.cfbundle; includeInIndex = 0; path = AudioTests.xctest; sourceTree = BUILT_PRODUCTS_DIR; };
		D074A1411B0D468C00B8A80D /* Info.plist */ = {isa = PBXFileReference; lastKnownFileType = text.plist.xml; path = Info.plist; sourceTree = "<group>"; };
		D074A1421B0D468C00B8A80D /* AudioTests.swift */ = {isa = PBXFileReference; lastKnownFileType = sourcecode.swift; path = AudioTests.swift; sourceTree = "<group>"; };
		D074A14C1B0D470800B8A80D /* beethoven1.mp3 */ = {isa = PBXFileReference; lastKnownFileType = audio.mp3; path = beethoven1.mp3; sourceTree = "<group>"; };
		D074A14E1B0D4B0B00B8A80D /* beethoven.jpg */ = {isa = PBXFileReference; lastKnownFileType = image.jpeg; path = beethoven.jpg; sourceTree = "<group>"; };
/* End PBXFileReference section */

/* Begin PBXFrameworksBuildPhase section */
		D074A1241B0D468C00B8A80D /* Frameworks */ = {
			isa = PBXFrameworksBuildPhase;
			buildActionMask = 2147483647;
			files = (
			);
			runOnlyForDeploymentPostprocessing = 0;
		};
		D074A1391B0D468C00B8A80D /* Frameworks */ = {
			isa = PBXFrameworksBuildPhase;
			buildActionMask = 2147483647;
			files = (
			);
			runOnlyForDeploymentPostprocessing = 0;
		};
/* End PBXFrameworksBuildPhase section */

/* Begin PBXGroup section */
		D074A11E1B0D468C00B8A80D = {
			isa = PBXGroup;
			children = (
				D074A1291B0D468C00B8A80D /* Audio */,
				D074A13F1B0D468C00B8A80D /* AudioTests */,
				D074A1281B0D468C00B8A80D /* Products */,
			);
			sourceTree = "<group>";
		};
		D074A1281B0D468C00B8A80D /* Products */ = {
			isa = PBXGroup;
			children = (
				D074A1271B0D468C00B8A80D /* Audio.app */,
				D074A13C1B0D468C00B8A80D /* AudioTests.xctest */,
			);
			name = Products;
			sourceTree = "<group>";
		};
		D074A1291B0D468C00B8A80D /* Audio */ = {
			isa = PBXGroup;
			children = (
				D074A12C1B0D468C00B8A80D /* AppDelegate.swift */,
				D074A12E1B0D468C00B8A80D /* ViewController.swift */,
				D074A1301B0D468C00B8A80D /* Main.storyboard */,
				D074A14C1B0D470800B8A80D /* beethoven1.mp3 */,
				D074A14E1B0D4B0B00B8A80D /* beethoven.jpg */,
				D074A1331B0D468C00B8A80D /* Images.xcassets */,
				D074A1351B0D468C00B8A80D /* LaunchScreen.xib */,
				D074A12A1B0D468C00B8A80D /* Supporting Files */,
			);
			path = Audio;
			sourceTree = "<group>";
		};
		D074A12A1B0D468C00B8A80D /* Supporting Files */ = {
			isa = PBXGroup;
			children = (
				D074A12B1B0D468C00B8A80D /* Info.plist */,
			);
			name = "Supporting Files";
			sourceTree = "<group>";
		};
		D074A13F1B0D468C00B8A80D /* AudioTests */ = {
			isa = PBXGroup;
			children = (
				D074A1421B0D468C00B8A80D /* AudioTests.swift */,
				D074A1401B0D468C00B8A80D /* Supporting Files */,
			);
			path = AudioTests;
			sourceTree = "<group>";
		};
		D074A1401B0D468C00B8A80D /* Supporting Files */ = {
			isa = PBXGroup;
			children = (
				D074A1411B0D468C00B8A80D /* Info.plist */,
			);
			name = "Supporting Files";
			sourceTree = "<group>";
		};
/* End PBXGroup section */

/* Begin PBXNativeTarget section */
		D074A1261B0D468C00B8A80D /* Audio */ = {
			isa = PBXNativeTarget;
			buildConfigurationList = D074A1461B0D468C00B8A80D /* Build configuration list for PBXNativeTarget "Audio" */;
			buildPhases = (
				D074A1231B0D468C00B8A80D /* Sources */,
				D074A1241B0D468C00B8A80D /* Frameworks */,
				D074A1251B0D468C00B8A80D /* Resources */,
			);
			buildRules = (
			);
			dependencies = (
			);
			name = Audio;
			productName = Audio;
			productReference = D074A1271B0D468C00B8A80D /* Audio.app */;
			productType = "com.apple.product-type.application";
		};
		D074A13B1B0D468C00B8A80D /* AudioTests */ = {
			isa = PBXNativeTarget;
			buildConfigurationList = D074A1491B0D468C00B8A80D /* Build configuration list for PBXNativeTarget "AudioTests" */;
			buildPhases = (
				D074A1381B0D468C00B8A80D /* Sources */,
				D074A1391B0D468C00B8A80D /* Frameworks */,
				D074A13A1B0D468C00B8A80D /* Resources */,
			);
			buildRules = (
			);
			dependencies = (
				D074A13E1B0D468C00B8A80D /* PBXTargetDependency */,
			);
			name = AudioTests;
			productName = AudioTests;
			productReference = D074A13C1B0D468C00B8A80D /* AudioTests.xctest */;
			productType = "com.apple.product-type.bundle.unit-test";
		};
/* End PBXNativeTarget section */

/* Begin PBXProject section */
		D074A11F1B0D468C00B8A80D /* Project object */ = {
			isa = PBXProject;
			attributes = {
				LastUpgradeCheck = 0630;
				ORGANIZATIONNAME = JMVapps;
				TargetAttributes = {
					D074A1261B0D468C00B8A80D = {
						CreatedOnToolsVersion = 6.3.2;
					};
					D074A13B1B0D468C00B8A80D = {
						CreatedOnToolsVersion = 6.3.2;
						TestTargetID = D074A1261B0D468C00B8A80D;
					};
				};
			};
			buildConfigurationList = D074A1221B0D468C00B8A80D /* Build configuration list for PBXProject "Audio" */;
			compatibilityVersion = "Xcode 3.2";
			developmentRegion = English;
			hasScannedForEncodings = 0;
			knownRegions = (
				en,
				Base,
			);
			mainGroup = D074A11E1B0D468C00B8A80D;
			productRefGroup = D074A1281B0D468C00B8A80D /* Products */;
			projectDirPath = "";
			projectRoot = "";
			targets = (
				D074A1261B0D468C00B8A80D /* Audio */,
				D074A13B1B0D468C00B8A80D /* AudioTests */,
			);
		};
/* End PBXProject section */

/* Begin PBXResourcesBuildPhase section */
		D074A1251B0D468C00B8A80D /* Resources */ = {
			isa = PBXResourcesBuildPhase;
			buildActionMask = 2147483647;
			files = (
				D074A1321B0D468C00B8A80D /* Main.storyboard in Resources */,
				D074A1371B0D468C00B8A80D /* LaunchScreen.xib in Resources */,
				D074A14F1B0D4B0B00B8A80D /* beethoven.jpg in Resources */,
				D074A14D1B0D470800B8A80D /* beethoven1.mp3 in Resources */,
				D074A1341B0D468C00B8A80D /* Images.xcassets in Resources */,
			);
			runOnlyForDeploymentPostprocessing = 0;
		};
		D074A13A1B0D468C00B8A80D /* Resources */ = {
			isa = PBXResourcesBuildPhase;
			buildActionMask = 2147483647;
			files = (
			);
			runOnlyForDeploymentPostprocessing = 0;
		};
/* End PBXResourcesBuildPhase section */

/* Begin PBXSourcesBuildPhase section */
		D074A1231B0D468C00B8A80D /* Sources */ = {
			isa = PBXSourcesBuildPhase;
			buildActionMask = 2147483647;
			files = (
				D074A12F1B0D468C00B8A80D /* ViewController.swift in Sources */,
				D074A12D1B0D468C00B8A80D /* AppDelegate.swift in Sources */,
			);
			runOnlyForDeploymentPostprocessing = 0;
		};
		D074A1381B0D468C00B8A80D /* Sources */ = {
			isa = PBXSourcesBuildPhase;
			buildActionMask = 2147483647;
			files = (
				D074A1431B0D468C00B8A80D /* AudioTests.swift in Sources */,
			);
			runOnlyForDeploymentPostprocessing = 0;
		};
/* End PBXSourcesBuildPhase section */

/* Begin PBXTargetDependency section */
		D074A13E1B0D468C00B8A80D /* PBXTargetDependency */ = {
			isa = PBXTargetDependency;
			target = D074A1261B0D468C00B8A80D /* Audio */;
			targetProxy = D074A13D1B0D468C00B8A80D /* PBXContainerItemProxy */;
		};
/* End PBXTargetDependency section */

/* Begin PBXVariantGroup section */
		D074A1301B0D468C00B8A80D /* Main.storyboard */ = {
			isa = PBXVariantGroup;
			children = (
				D074A1311B0D468C00B8A80D /* Base */,
			);
			name = Main.storyboard;
			sourceTree = "<group>";
		};
		D074A1351B0D468C00B8A80D /* LaunchScreen.xib */ = {
			isa = PBXVariantGroup;
			children = (
				D074A1361B0D468C00B8A80D /* Base */,
			);
			name = LaunchScreen.xib;
			sourceTree = "<group>";
		};
/* End PBXVariantGroup section */

/* Begin XCBuildConfiguration section */
		D074A1441B0D468C00B8A80D /* Debug */ = {
			isa = XCBuildConfiguration;
			buildSettings = {
				ALWAYS_SEARCH_USER_PATHS = NO;
				CLANG_CXX_LANGUAGE_STANDARD = "gnu++0x";
				CLANG_CXX_LIBRARY = "libc++";
				CLANG_ENABLE_MODULES = YES;
				CLANG_ENABLE_OBJC_ARC = YES;
				CLANG_WARN_BOOL_CONVERSION = YES;
				CLANG_WARN_CONSTANT_CONVERSION = YES;
				CLANG_WARN_DIRECT_OBJC_ISA_USAGE = YES_ERROR;
				CLANG_WARN_EMPTY_BODY = YES;
				CLANG_WARN_ENUM_CONVERSION = YES;
				CLANG_WARN_INT_CONVERSION = YES;
				CLANG_WARN_OBJC_ROOT_CLASS = YES_ERROR;
				CLANG_WARN_UNREACHABLE_CODE = YES;
				CLANG_WARN__DUPLICATE_METHOD_MATCH = YES;
				"CODE_SIGN_IDENTITY[sdk=iphoneos*]" = "iPhone Developer";
				COPY_PHASE_STRIP = NO;
				DEBUG_INFORMATION_FORMAT = "dwarf-with-dsym";
				ENABLE_STRICT_OBJC_MSGSEND = YES;
				GCC_C_LANGUAGE_STANDARD = gnu99;
				GCC_DYNAMIC_NO_PIC = NO;
				GCC_NO_COMMON_BLOCKS = YES;
				GCC_OPTIMIZATION_LEVEL = 0;
				GCC_PREPROCESSOR_DEFINITIONS = (
					"DEBUG=1",
					"$(inherited)",
				);
				GCC_SYMBOLS_PRIVATE_EXTERN = NO;
				GCC_WARN_64_TO_32_BIT_CONVERSION = YES;
				GCC_WARN_ABOUT_RETURN_TYPE = YES_ERROR;
				GCC_WARN_UNDECLARED_SELECTOR = YES;
				GCC_WARN_UNINITIALIZED_AUTOS = YES_AGGRESSIVE;
				GCC_WARN_UNUSED_FUNCTION = YES;
				GCC_WARN_UNUSED_VARIABLE = YES;
				IPHONEOS_DEPLOYMENT_TARGET = 8.3;
				MTL_ENABLE_DEBUG_INFO = YES;
				ONLY_ACTIVE_ARCH = YES;
				SDKROOT = iphoneos;
				SWIFT_OPTIMIZATION_LEVEL = "-Onone";
			};
			name = Debug;
		};
		D074A1451B0D468C00B8A80D /* Release */ = {
			isa = XCBuildConfiguration;
			buildSettings = {
				ALWAYS_SEARCH_USER_PATHS = NO;
				CLANG_CXX_LANGUAGE_STANDARD = "gnu++0x";
				CLANG_CXX_LIBRARY = "libc++";
				CLANG_ENABLE_MODULES = YES;
				CLANG_ENABLE_OBJC_ARC = YES;
				CLANG_WARN_BOOL_CONVERSION = YES;
				CLANG_WARN_CONSTANT_CONVERSION = YES;
				CLANG_WARN_DIRECT_OBJC_ISA_USAGE = YES_ERROR;
				CLANG_WARN_EMPTY_BODY = YES;
				CLANG_WARN_ENUM_CONVERSION = YES;
				CLANG_WARN_INT_CONVERSION = YES;
				CLANG_WARN_OBJC_ROOT_CLASS = YES_ERROR;
				CLANG_WARN_UNREACHABLE_CODE = YES;
				CLANG_WARN__DUPLICATE_METHOD_MATCH = YES;
				"CODE_SIGN_IDENTITY[sdk=iphoneos*]" = "iPhone Developer";
				COPY_PHASE_STRIP = NO;
				DEBUG_INFORMATION_FORMAT = "dwarf-with-dsym";
				ENABLE_NS_ASSERTIONS = NO;
				ENABLE_STRICT_OBJC_MSGSEND = YES;
				GCC_C_LANGUAGE_STANDARD = gnu99;
				GCC_NO_COMMON_BLOCKS = YES;
				GCC_WARN_64_TO_32_BIT_CONVERSION = YES;
				GCC_WARN_ABOUT_RETURN_TYPE = YES_ERROR;
				GCC_WARN_UNDECLARED_SELECTOR = YES;
				GCC_WARN_UNINITIALIZED_AUTOS = YES_AGGRESSIVE;
				GCC_WARN_UNUSED_FUNCTION = YES;
				GCC_WARN_UNUSED_VARIABLE = YES;
				IPHONEOS_DEPLOYMENT_TARGET = 8.3;
				MTL_ENABLE_DEBUG_INFO = NO;
				SDKROOT = iphoneos;
				VALIDATE_PRODUCT = YES;
			};
			name = Release;
		};
		D074A1471B0D468C00B8A80D /* Debug */ = {
			isa = XCBuildConfiguration;
			buildSettings = {
				ASSETCATALOG_COMPILER_APPICON_NAME = AppIcon;
				INFOPLIST_FILE = Audio/Info.plist;
				LD_RUNPATH_SEARCH_PATHS = "$(inherited) @executable_path/Frameworks";
				PRODUCT_NAME = "$(TARGET_NAME)";
			};
			name = Debug;
		};
		D074A1481B0D468C00B8A80D /* Release */ = {
			isa = XCBuildConfiguration;
			buildSettings = {
				ASSETCATALOG_COMPILER_APPICON_NAME = AppIcon;
				INFOPLIST_FILE = Audio/Info.plist;
				LD_RUNPATH_SEARCH_PATHS = "$(inherited) @executable_path/Frameworks";
				PRODUCT_NAME = "$(TARGET_NAME)";
			};
			name = Release;
		};
		D074A14A1B0D468C00B8A80D /* Debug */ = {
			isa = XCBuildConfiguration;
			buildSettings = {
				BUNDLE_LOADER = "$(TEST_HOST)";
				FRAMEWORK_SEARCH_PATHS = (
					"$(SDKROOT)/Developer/Library/Frameworks",
					"$(inherited)",
				);
				GCC_PREPROCESSOR_DEFINITIONS = (
					"DEBUG=1",
					"$(inherited)",
				);
				INFOPLIST_FILE = AudioTests/Info.plist;
				LD_RUNPATH_SEARCH_PATHS = "$(inherited) @executable_path/Frameworks @loader_path/Frameworks";
				PRODUCT_NAME = "$(TARGET_NAME)";
				TEST_HOST = "$(BUILT_PRODUCTS_DIR)/Audio.app/Audio";
			};
			name = Debug;
		};
		D074A14B1B0D468C00B8A80D /* Release */ = {
			isa = XCBuildConfiguration;
			buildSettings = {
				BUNDLE_LOADER = "$(TEST_HOST)";
				FRAMEWORK_SEARCH_PATHS = (
					"$(SDKROOT)/Developer/Library/Frameworks",
					"$(inherited)",
				);
				INFOPLIST_FILE = AudioTests/Info.plist;
				LD_RUNPATH_SEARCH_PATHS = "$(inherited) @executable_path/Frameworks @loader_path/Frameworks";
				PRODUCT_NAME = "$(TARGET_NAME)";
				TEST_HOST = "$(BUILT_PRODUCTS_DIR)/Audio.app/Audio";
			};
			name = Release;
		};
/* End XCBuildConfiguration section */

/* Begin XCConfigurationList section */
		D074A1221B0D468C00B8A80D /* Build configuration list for PBXProject "Audio" */ = {
			isa = XCConfigurationList;
			buildConfigurations = (
				D074A1441B0D468C00B8A80D /* Debug */,
				D074A1451B0D468C00B8A80D /* Release */,
			);
			defaultConfigurationIsVisible = 0;
			defaultConfigurationName = Release;
		};
		D074A1461B0D468C00B8A80D /* Build configuration list for PBXNativeTarget "Audio" */ = {
			isa = XCConfigurationList;
			buildConfigurations = (
				D074A1471B0D468C00B8A80D /* Debug */,
				D074A1481B0D468C00B8A80D /* Release */,
			);
			defaultConfigurationIsVisible = 0;
		};
		D074A1491B0D468C00B8A80D /* Build configuration list for PBXNativeTarget "AudioTests" */ = {
			isa = XCConfigurationList;
			buildConfigurations = (
				D074A14A1B0D468C00B8A80D /* Debug */,
				D074A14B1B0D468C00B8A80D /* Release */,
			);
			defaultConfigurationIsVisible = 0;
		};
/* End XCConfigurationList section */
	};
	rootObject = D074A11F1B0D468C00B8A80D /* Project object */;
}
